
Microsoft Visual Studio Solution File, Format Version 12.00
# Visual Studio Version 16
VisualStudioVersion = 16.0.31321.278
MinimumVisualStudioVersion = 10.0.40219.1
Project("{FAE04EC0-301F-11D3-BF4B-00C04F79EFBC}") = "TestsCreator.Client.Win", "TestsCreator.Client.Win\TestsCreator.Client.Win.csproj", "{F069400C-C773-455B-92FC-915AB96BD5C8}"
EndProject
Project("{2150E333-8FDC-42A3-9474-1A3956D46DE8}") = "Domain", "Domain", "{5D8DD933-D07E-4759-876C-3458421ED2F9}"
EndProject
Project("{2150E333-8FDC-42A3-9474-1A3956D46DE8}") = "Client", "Client", "{5CE7667A-59FF-41DE-BED4-506CAC3EEB8D}"
EndProject
Project("{FAE04EC0-301F-11D3-BF4B-00C04F79EFBC}") = "TestsCreator.App", "TestsCreator.App\TestsCreator.App.csproj", "{8650186A-5118-4897-B89D-11BBB5338936}"
EndProject
Project("{2150E333-8FDC-42A3-9474-1A3956D46DE8}") = "Infrastructure", "Infrastructure", "{4229F3F3-938D-4715-9BBF-60DDCC16BFD4}"
EndProject
Project("{FAE04EC0-301F-11D3-BF4B-00C04F79EFBC}") = "TestsCreator.Utils.UI", "TestsCreator.Utils.UI\TestsCreator.Utils.UI.csproj", "{B352A261-34A7-407D-9758-9E92AA88BE81}"
EndProject
Global
	GlobalSection(SolutionConfigurationPlatforms) = preSolution
		Debug|Any CPU = Debug|Any CPU
		Debug|ARM = Debug|ARM
		Debug|ARM64 = Debug|ARM64
		Debug|x64 = Debug|x64
		Debug|x86 = Debug|x86
		Release|Any CPU = Release|Any CPU
		Release|ARM = Release|ARM
		Release|ARM64 = Release|ARM64
		Release|x64 = Release|x64
		Release|x86 = Release|x86
	EndGlobalSection
	GlobalSection(ProjectConfigurationPlatforms) = postSolution
		{F069400C-C773-455B-92FC-915AB96BD5C8}.Debug|Any CPU.ActiveCfg = Debug|x86
		{F069400C-C773-455B-92FC-915AB96BD5C8}.Debug|ARM.ActiveCfg = Debug|ARM
		{F069400C-C773-455B-92FC-915AB96BD5C8}.Debug|ARM.Build.0 = Debug|ARM
		{F069400C-C773-455B-92FC-915AB96BD5C8}.Debug|ARM.Deploy.0 = Debug|ARM
		{F069400C-C773-455B-92FC-915AB96BD5C8}.Debug|ARM64.ActiveCfg = Debug|ARM64
		{F069400C-C773-455B-92FC-915AB96BD5C8}.Debug|ARM64.Build.0 = Debug|ARM64
		{F069400C-C773-455B-92FC-915AB96BD5C8}.Debug|ARM64.Deploy.0 = Debug|ARM64
		{F069400C-C773-455B-92FC-915AB96BD5C8}.Debug|x64.ActiveCfg = Debug|x64
		{F069400C-C773-455B-92FC-915AB96BD5C8}.Debug|x64.Build.0 = Debug|x64
		{F069400C-C773-455B-92FC-915AB96BD5C8}.Debug|x64.Deploy.0 = Debug|x64
		{F069400C-C773-455B-92FC-915AB96BD5C8}.Debug|x86.ActiveCfg = Debug|x86
		{F069400C-C773-455B-92FC-915AB96BD5C8}.Debug|x86.Build.0 = Debug|x86
		{F069400C-C773-455B-92FC-915AB96BD5C8}.Debug|x86.Deploy.0 = Debug|x86
		{F069400C-C773-455B-92FC-915AB96BD5C8}.Release|Any CPU.ActiveCfg = Release|x86
		{F069400C-C773-455B-92FC-915AB96BD5C8}.Release|ARM.ActiveCfg = Release|ARM
		{F069400C-C773-455B-92FC-915AB96BD5C8}.Release|ARM.Build.0 = Release|ARM
		{F069400C-C773-455B-92FC-915AB96BD5C8}.Release|ARM.Deploy.0 = Release|ARM
		{F069400C-C773-455B-92FC-915AB96BD5C8}.Release|ARM64.ActiveCfg = Release|ARM64
		{F069400C-C773-455B-92FC-915AB96BD5C8}.Release|ARM64.Build.0 = Release|ARM64
		{F069400C-C773-455B-92FC-915AB96BD5C8}.Release|ARM64.Deploy.0 = Release|ARM64
		{F069400C-C773-455B-92FC-915AB96BD5C8}.Release|x64.ActiveCfg = Release|x64
		{F069400C-C773-455B-92FC-915AB96BD5C8}.Release|x64.Build.0 = Release|x64
		{F069400C-C773-455B-92FC-915AB96BD5C8}.Release|x64.Deploy.0 = Release|x64
		{F069400C-C773-455B-92FC-915AB96BD5C8}.Release|x86.ActiveCfg = Release|x86
		{F069400C-C773-455B-92FC-915AB96BD5C8}.Release|x86.Build.0 = Release|x86
		{F069400C-C773-455B-92FC-915AB96BD5C8}.Release|x86.Deploy.0 = Release|x86
		{8650186A-5118-4897-B89D-11BBB5338936}.Debug|Any CPU.ActiveCfg = Debug|Any CPU
		{8650186A-5118-4897-B89D-11BBB5338936}.Debug|Any CPU.Build.0 = Debug|Any CPU
		{8650186A-5118-4897-B89D-11BBB5338936}.Debug|ARM.ActiveCfg = Debug|ARM
		{8650186A-5118-4897-B89D-11BBB5338936}.Debug|ARM.Build.0 = Debug|ARM
		{8650186A-5118-4897-B89D-11BBB5338936}.Debug|ARM64.ActiveCfg = Debug|ARM64
		{8650186A-5118-4897-B89D-11BBB5338936}.Debug|ARM64.Build.0 = Debug|ARM64
		{8650186A-5118-4897-B89D-11BBB5338936}.Debug|x64.ActiveCfg = Debug|x64
		{8650186A-5118-4897-B89D-11BBB5338936}.Debug|x64.Build.0 = Debug|x64
		{8650186A-5118-4897-B89D-11BBB5338936}.Debug|x86.ActiveCfg = Debug|x86
		{8650186A-5118-4897-B89D-11BBB5338936}.Debug|x86.Build.0 = Debug|x86
		{8650186A-5118-4897-B89D-11BBB5338936}.Release|Any CPU.ActiveCfg = Release|Any CPU
		{8650186A-5118-4897-B89D-11BBB5338936}.Release|Any CPU.Build.0 = Release|Any CPU
		{8650186A-5118-4897-B89D-11BBB5338936}.Release|ARM.ActiveCfg = Release|ARM
		{8650186A-5118-4897-B89D-11BBB5338936}.Release|ARM.Build.0 = Release|ARM
		{8650186A-5118-4897-B89D-11BBB5338936}.Release|ARM64.ActiveCfg = Release|ARM64
		{8650186A-5118-4897-B89D-11BBB5338936}.Release|ARM64.Build.0 = Release|ARM64
		{8650186A-5118-4897-B89D-11BBB5338936}.Release|x64.ActiveCfg = Release|x64
		{8650186A-5118-4897-B89D-11BBB5338936}.Release|x64.Build.0 = Release|x64
		{8650186A-5118-4897-B89D-11BBB5338936}.Release|x86.ActiveCfg = Release|x86
		{8650186A-5118-4897-B89D-11BBB5338936}.Release|x86.Build.0 = Release|x86
		{B352A261-34A7-407D-9758-9E92AA88BE81}.Debug|Any CPU.ActiveCfg = Debug|Any CPU
		{B352A261-34A7-407D-9758-9E92AA88BE81}.Debug|Any CPU.Build.0 = Debug|Any CPU
		{B352A261-34A7-407D-9758-9E92AA88BE81}.Debug|ARM.ActiveCfg = Debug|ARM
		{B352A261-34A7-407D-9758-9E92AA88BE81}.Debug|ARM.Build.0 = Debug|ARM
		{B352A261-34A7-407D-9758-9E92AA88BE81}.Debug|ARM64.ActiveCfg = Debug|ARM64
		{B352A261-34A7-407D-9758-9E92AA88BE81}.Debug|ARM64.Build.0 = Debug|ARM64
		{B352A261-34A7-407D-9758-9E92AA88BE81}.Debug|x64.ActiveCfg = Debug|x64
		{B352A261-34A7-407D-9758-9E92AA88BE81}.Debug|x64.Build.0 = Debug|x64
		{B352A261-34A7-407D-9758-9E92AA88BE81}.Debug|x86.ActiveCfg = Debug|x86
		{B352A261-34A7-407D-9758-9E92AA88BE81}.Debug|x86.Build.0 = Debug|x86
		{B352A261-34A7-407D-9758-9E92AA88BE81}.Release|Any CPU.ActiveCfg = Release|Any CPU
		{B352A261-34A7-407D-9758-9E92AA88BE81}.Release|Any CPU.Build.0 = Release|Any CPU
		{B352A261-34A7-407D-9758-9E92AA88BE81}.Release|ARM.ActiveCfg = Release|ARM
		{B352A261-34A7-407D-9758-9E92AA88BE81}.Release|ARM.Build.0 = Release|ARM
		{B352A261-34A7-407D-9758-9E92AA88BE81}.Release|ARM64.ActiveCfg = Release|ARM64
		{B352A261-34A7-407D-9758-9E92AA88BE81}.Release|ARM64.Build.0 = Release|ARM64
		{B352A261-34A7-407D-9758-9E92AA88BE81}.Release|x64.ActiveCfg = Release|x64
		{B352A261-34A7-407D-9758-9E92AA88BE81}.Release|x64.Build.0 = Release|x64
		{B352A261-34A7-407D-9758-9E92AA88BE81}.Release|x86.ActiveCfg = Release|x86
		{B352A261-34A7-407D-9758-9E92AA88BE81}.Release|x86.Build.0 = Release|x86
	EndGlobalSection
	GlobalSection(SolutionProperties) = preSolution
		HideSolutionNode = FALSE
	EndGlobalSection
	GlobalSection(NestedProjects) = preSolution
		{F069400C-C773-455B-92FC-915AB96BD5C8} = {5CE7667A-59FF-41DE-BED4-506CAC3EEB8D}
		{5D8DD933-D07E-4759-876C-3458421ED2F9} = {5CE7667A-59FF-41DE-BED4-506CAC3EEB8D}
		{8650186A-5118-4897-B89D-11BBB5338936} = {5CE7667A-59FF-41DE-BED4-506CAC3EEB8D}
		{4229F3F3-938D-4715-9BBF-60DDCC16BFD4} = {5CE7667A-59FF-41DE-BED4-506CAC3EEB8D}
		{B352A261-34A7-407D-9758-9E92AA88BE81} = {4229F3F3-938D-4715-9BBF-60DDCC16BFD4}
	EndGlobalSection
	GlobalSection(ExtensibilityGlobals) = postSolution
		SolutionGuid = {C17CBD6C-CE38-47C9-B7CB-8F33755E60FA}
	EndGlobalSection
EndGlobal
